
Microsoft Visual Studio Solution File, Format Version 12.00
# Visual Studio Version 17
VisualStudioVersion = 17.8.34330.188
MinimumVisualStudioVersion = 10.0.40219.1
Project("{9A19103F-16F7-4668-BE54-9A1E7A4F7556}") = "ChatSender", "ChatSender\ChatSender.csproj", "{2BA44FB6-9179-4045-96B6-15A2F1D176DE}"
EndProject
Project("{9A19103F-16F7-4668-BE54-9A1E7A4F7556}") = "Auth", "Auth\Auth.csproj", "{33626F85-F91A-4EEC-B2E8-812BB306289F}"
EndProject
Project("{E53339B2-1760-4266-BCC7-CA923CBCF16C}") = "docker-compose", "docker-compose.dcproj", "{D1D0DC3B-F973-4053-9DC0-82862FA215D2}"
EndProject
Project("{FAE04EC0-301F-11D3-BF4B-00C04F79EFBC}") = "Auth.Core", "..\Auth.Core\Auth.Core.csproj", "{7F85E877-E55B-4EA3-AFAA-4DB8B8F6870F}"
EndProject
Project("{FAE04EC0-301F-11D3-BF4B-00C04F79EFBC}") = "User", "User\User.csproj", "{D3732416-09BB-48DC-AD94-A5E9F96E3EF2}"
EndProject
Global
	GlobalSection(SolutionConfigurationPlatforms) = preSolution
		Debug|Any CPU = Debug|Any CPU
		Release|Any CPU = Release|Any CPU
	EndGlobalSection
	GlobalSection(ProjectConfigurationPlatforms) = postSolution
		{2BA44FB6-9179-4045-96B6-15A2F1D176DE}.Debug|Any CPU.ActiveCfg = Debug|Any CPU
		{2BA44FB6-9179-4045-96B6-15A2F1D176DE}.Debug|Any CPU.Build.0 = Debug|Any CPU
		{2BA44FB6-9179-4045-96B6-15A2F1D176DE}.Release|Any CPU.ActiveCfg = Release|Any CPU
		{2BA44FB6-9179-4045-96B6-15A2F1D176DE}.Release|Any CPU.Build.0 = Release|Any CPU
		{33626F85-F91A-4EEC-B2E8-812BB306289F}.Debug|Any CPU.ActiveCfg = Debug|Any CPU
		{33626F85-F91A-4EEC-B2E8-812BB306289F}.Debug|Any CPU.Build.0 = Debug|Any CPU
		{33626F85-F91A-4EEC-B2E8-812BB306289F}.Release|Any CPU.ActiveCfg = Release|Any CPU
		{33626F85-F91A-4EEC-B2E8-812BB306289F}.Release|Any CPU.Build.0 = Release|Any CPU
		{D1D0DC3B-F973-4053-9DC0-82862FA215D2}.Debug|Any CPU.ActiveCfg = Debug|Any CPU
		{D1D0DC3B-F973-4053-9DC0-82862FA215D2}.Debug|Any CPU.Build.0 = Debug|Any CPU
		{D1D0DC3B-F973-4053-9DC0-82862FA215D2}.Release|Any CPU.ActiveCfg = Release|Any CPU
		{D1D0DC3B-F973-4053-9DC0-82862FA215D2}.Release|Any CPU.Build.0 = Release|Any CPU
		{7F85E877-E55B-4EA3-AFAA-4DB8B8F6870F}.Debug|Any CPU.ActiveCfg = Debug|Any CPU
		{7F85E877-E55B-4EA3-AFAA-4DB8B8F6870F}.Debug|Any CPU.Build.0 = Debug|Any CPU
		{7F85E877-E55B-4EA3-AFAA-4DB8B8F6870F}.Release|Any CPU.ActiveCfg = Release|Any CPU
		{7F85E877-E55B-4EA3-AFAA-4DB8B8F6870F}.Release|Any CPU.Build.0 = Release|Any CPU
		{D3732416-09BB-48DC-AD94-A5E9F96E3EF2}.Debug|Any CPU.ActiveCfg = Debug|Any CPU
		{D3732416-09BB-48DC-AD94-A5E9F96E3EF2}.Debug|Any CPU.Build.0 = Debug|Any CPU
		{D3732416-09BB-48DC-AD94-A5E9F96E3EF2}.Release|Any CPU.ActiveCfg = Release|Any CPU
		{D3732416-09BB-48DC-AD94-A5E9F96E3EF2}.Release|Any CPU.Build.0 = Release|Any CPU
	EndGlobalSection
	GlobalSection(SolutionProperties) = preSolution
		HideSolutionNode = FALSE
	EndGlobalSection
	GlobalSection(ExtensibilityGlobals) = postSolution
		SolutionGuid = {07910B01-54DC-499E-968E-DF29D315E840}
	EndGlobalSection
EndGlobal
